
Microsoft Visual Studio Solution File, Format Version 12.00
# Visual Studio 14
VisualStudioVersion = 14.0.25420.1
MinimumVisualStudioVersion = 10.0.40219.1
Project("{2150E333-8FDC-42A3-9474-1A3956D46DE8}") = "0 - UI", "0 - UI", "{8721087B-19C0-485A-BAB9-B131C3C1C3D7}"
EndProject
Project("{2150E333-8FDC-42A3-9474-1A3956D46DE8}") = "1 - AppService", "1 - AppService", "{CFBBF483-77E6-4142-A59E-A95567EE7ABD}"
EndProject
Project("{2150E333-8FDC-42A3-9474-1A3956D46DE8}") = "2 - Domain", "2 - Domain", "{0300A8E4-F8F0-4C07-A3C5-9244EFF6BFB4}"
EndProject
Project("{2150E333-8FDC-42A3-9474-1A3956D46DE8}") = "3 - Infra", "3 - Infra", "{B5630F30-43FF-4E5B-A6E9-3FCDA34057BE}"
EndProject
Project("{2150E333-8FDC-42A3-9474-1A3956D46DE8}") = "3.1 - Data", "3.1 - Data", "{BA05CC6E-8D3C-416A-AF67-1FA4A78AC301}"
EndProject
Project("{2150E333-8FDC-42A3-9474-1A3956D46DE8}") = "3.2 - CrossCutting", "3.2 - CrossCutting", "{54EFD798-9913-4A7D-BF24-2624F0A3451C}"
EndProject
Project("{FAE04EC0-301F-11D3-BF4B-00C04F79EFBC}") = "SysLibrary.IoC", "SysLibrary.IoC\SysLibrary.IoC.csproj", "{039B02C2-4E07-4923-B0B6-7697FBDE881A}"
EndProject
Project("{FAE04EC0-301F-11D3-BF4B-00C04F79EFBC}") = "SysLibrary.Data", "SysLibrary.Data\SysLibrary.Data.csproj", "{CFD39364-FD39-4A6A-89BF-8F4D9F737EFC}"
EndProject
Project("{FAE04EC0-301F-11D3-BF4B-00C04F79EFBC}") = "SysLibrary.Domain", "SysLibrary.Domain\SysLibrary.Domain.csproj", "{5BF8C6DF-894A-41A2-BEA5-B7475EE19260}"
EndProject
Project("{FAE04EC0-301F-11D3-BF4B-00C04F79EFBC}") = "SysLibrary.AppService", "SysLibrary.AppService\SysLibrary.AppService.csproj", "{589CBAA7-4E34-41E2-8CE9-7D7F02E93B11}"
EndProject
Project("{FAE04EC0-301F-11D3-BF4B-00C04F79EFBC}") = "SysLibrary.UI", "SysLibrary.UI\SysLibrary.UI.csproj", "{7668ACF5-B014-4F28-8F51-5A944C5BB406}"
EndProject
Global
	GlobalSection(SolutionConfigurationPlatforms) = preSolution
		Debug|Any CPU = Debug|Any CPU
		Release|Any CPU = Release|Any CPU
	EndGlobalSection
	GlobalSection(ProjectConfigurationPlatforms) = postSolution
		{039B02C2-4E07-4923-B0B6-7697FBDE881A}.Debug|Any CPU.ActiveCfg = Debug|Any CPU
		{039B02C2-4E07-4923-B0B6-7697FBDE881A}.Debug|Any CPU.Build.0 = Debug|Any CPU
		{039B02C2-4E07-4923-B0B6-7697FBDE881A}.Release|Any CPU.ActiveCfg = Release|Any CPU
		{039B02C2-4E07-4923-B0B6-7697FBDE881A}.Release|Any CPU.Build.0 = Release|Any CPU
		{CFD39364-FD39-4A6A-89BF-8F4D9F737EFC}.Debug|Any CPU.ActiveCfg = Debug|Any CPU
		{CFD39364-FD39-4A6A-89BF-8F4D9F737EFC}.Debug|Any CPU.Build.0 = Debug|Any CPU
		{CFD39364-FD39-4A6A-89BF-8F4D9F737EFC}.Release|Any CPU.ActiveCfg = Release|Any CPU
		{CFD39364-FD39-4A6A-89BF-8F4D9F737EFC}.Release|Any CPU.Build.0 = Release|Any CPU
		{5BF8C6DF-894A-41A2-BEA5-B7475EE19260}.Debug|Any CPU.ActiveCfg = Debug|Any CPU
		{5BF8C6DF-894A-41A2-BEA5-B7475EE19260}.Debug|Any CPU.Build.0 = Debug|Any CPU
		{5BF8C6DF-894A-41A2-BEA5-B7475EE19260}.Release|Any CPU.ActiveCfg = Release|Any CPU
		{5BF8C6DF-894A-41A2-BEA5-B7475EE19260}.Release|Any CPU.Build.0 = Release|Any CPU
		{589CBAA7-4E34-41E2-8CE9-7D7F02E93B11}.Debug|Any CPU.ActiveCfg = Debug|Any CPU
		{589CBAA7-4E34-41E2-8CE9-7D7F02E93B11}.Debug|Any CPU.Build.0 = Debug|Any CPU
		{589CBAA7-4E34-41E2-8CE9-7D7F02E93B11}.Release|Any CPU.ActiveCfg = Release|Any CPU
		{589CBAA7-4E34-41E2-8CE9-7D7F02E93B11}.Release|Any CPU.Build.0 = Release|Any CPU
		{7668ACF5-B014-4F28-8F51-5A944C5BB406}.Debug|Any CPU.ActiveCfg = Debug|Any CPU
		{7668ACF5-B014-4F28-8F51-5A944C5BB406}.Debug|Any CPU.Build.0 = Debug|Any CPU
		{7668ACF5-B014-4F28-8F51-5A944C5BB406}.Release|Any CPU.ActiveCfg = Release|Any CPU
		{7668ACF5-B014-4F28-8F51-5A944C5BB406}.Release|Any CPU.Build.0 = Release|Any CPU
	EndGlobalSection
	GlobalSection(SolutionProperties) = preSolution
		HideSolutionNode = FALSE
	EndGlobalSection
	GlobalSection(NestedProjects) = preSolution
		{BA05CC6E-8D3C-416A-AF67-1FA4A78AC301} = {B5630F30-43FF-4E5B-A6E9-3FCDA34057BE}
		{54EFD798-9913-4A7D-BF24-2624F0A3451C} = {B5630F30-43FF-4E5B-A6E9-3FCDA34057BE}
		{039B02C2-4E07-4923-B0B6-7697FBDE881A} = {54EFD798-9913-4A7D-BF24-2624F0A3451C}
		{CFD39364-FD39-4A6A-89BF-8F4D9F737EFC} = {BA05CC6E-8D3C-416A-AF67-1FA4A78AC301}
		{5BF8C6DF-894A-41A2-BEA5-B7475EE19260} = {0300A8E4-F8F0-4C07-A3C5-9244EFF6BFB4}
		{589CBAA7-4E34-41E2-8CE9-7D7F02E93B11} = {CFBBF483-77E6-4142-A59E-A95567EE7ABD}
		{7668ACF5-B014-4F28-8F51-5A944C5BB406} = {8721087B-19C0-485A-BAB9-B131C3C1C3D7}
	EndGlobalSection
EndGlobal
